
Microsoft Visual Studio Solution File, Format Version 12.00
# Visual Studio 2013
VisualStudioVersion = 12.0.40629.0
MinimumVisualStudioVersion = 10.0.40219.1
Project("{FAE04EC0-301F-11D3-BF4B-00C04F79EFBC}") = "ListBoxApp", "ListBoxApp\ListBoxApp.csproj", "{BCDEA7D6-55F4-40F9-BB9E-2A95C969BF2C}"
EndProject
Global
	GlobalSection(SolutionConfigurationPlatforms) = preSolution
		Debug|Any CPU = Debug|Any CPU
		Release|Any CPU = Release|Any CPU
	EndGlobalSection
	GlobalSection(ProjectConfigurationPlatforms) = postSolution
		{BCDEA7D6-55F4-40F9-BB9E-2A95C969BF2C}.Debug|Any CPU.ActiveCfg = Debug|Any CPU
		{BCDEA7D6-55F4-40F9-BB9E-2A95C969BF2C}.Debug|Any CPU.Build.0 = Debug|Any CPU
		{BCDEA7D6-55F4-40F9-BB9E-2A95C969BF2C}.Release|Any CPU.ActiveCfg = Release|Any CPU
		{BCDEA7D6-55F4-40F9-BB9E-2A95C969BF2C}.Release|Any CPU.Build.0 = Release|Any CPU
	EndGlobalSection
	GlobalSection(SolutionProperties) = preSolution
		HideSolutionNode = FALSE
	EndGlobalSection
EndGlobal
